PODS:
  - Flutter (1.0.0)
  - flutter_system_proxy (0.0.1):
    - Flutter

DEPENDENCIES:
  - Flutter (from `Flutter`)
  - flutter_system_proxy (from `.symlinks/plugins/flutter_system_proxy/ios`)

EXTERNAL SOURCES:
  Flutter:
    :path: Flutter
  flutter_system_proxy:
    :path: ".symlinks/plugins/flutter_system_proxy/ios"

SPEC CHECKSUMS:
  Flutter: 434fef37c0980e73bb6479ef766c45957d4b510c
  flutter_system_proxy: 96eb97e3857a1d1bc533a6f7387a1f0dcb63d782

PODFILE CHECKSUM: aafe91acc616949ddb318b77800a7f51bffa2a4c

COCOAPODS: 1.11.2
