PODS:
  - Flutter (1.0.0)
  - flutter_system_proxy (0.0.1):
    - Flutter

DEPENDENCIES:
  - Flutter (from `Flutter`)
  - flutter_system_proxy (from `.symlinks/plugins/flutter_system_proxy/ios`)

EXTERNAL SOURCES:
  Flutter:
    :path: Flutter
  flutter_system_proxy:
    :path: ".symlinks/plugins/flutter_system_proxy/ios"

SPEC CHECKSUMS:
  Flutter: f04841e97a9d0b0a8025694d0796dd46242b2854
  flutter_system_proxy: 96eb97e3857a1d1bc533a6f7387a1f0dcb63d782

PODFILE CHECKSUM: 7368163408c647b7eb699d0d788ba6718e18fb8d

COCOAPODS: 1.11.3
